
Microsoft Visual Studio Solution File, Format Version 12.00
# Visual Studio 15
VisualStudioVersion = 15.0.27130.2010
MinimumVisualStudioVersion = 10.0.40219.1
Project("{FAE04EC0-301F-11D3-BF4B-00C04F79EFBC}") = "BookLabDll", "BookLabDll\BookLabDll.csproj", "{5A54489A-7424-4562-BC81-7ED292F23526}"
EndProject
Global
	GlobalSection(SolutionConfigurationPlatforms) = preSolution
		Debug|Any CPU = Debug|Any CPU
		Release|Any CPU = Release|Any CPU
	EndGlobalSection
	GlobalSection(ProjectConfigurationPlatforms) = postSolution
		{5A54489A-7424-4562-BC81-7ED292F23526}.Debug|Any CPU.ActiveCfg = Debug|Any CPU
		{5A54489A-7424-4562-BC81-7ED292F23526}.Debug|Any CPU.Build.0 = Debug|Any CPU
		{5A54489A-7424-4562-BC81-7ED292F23526}.Release|Any CPU.ActiveCfg = Release|Any CPU
		{5A54489A-7424-4562-BC81-7ED292F23526}.Release|Any CPU.Build.0 = Release|Any CPU
	EndGlobalSection
	GlobalSection(SolutionProperties) = preSolution
		HideSolutionNode = FALSE
	EndGlobalSection
	GlobalSection(ExtensibilityGlobals) = postSolution
		SolutionGuid = {ECCAAB75-3C7E-4C51-B6E3-40E42148249D}
	EndGlobalSection
EndGlobal
